
Microsoft Visual Studio Solution File, Format Version 12.00
# Visual Studio Version 17
VisualStudioVersion = 17.1.32210.238
MinimumVisualStudioVersion = 10.0.40219.1
Project("{FAE04EC0-301F-11D3-BF4B-00C04F79EFBC}") = "MIB1", "MIB1\MIB1.csproj", "{9E38A094-2A76-46C9-AE3C-BEF412F1D8CA}"
EndProject
Global
	GlobalSection(SolutionConfigurationPlatforms) = preSolution
		Debug|Any CPU = Debug|Any CPU
		Release|Any CPU = Release|Any CPU
	EndGlobalSection
	GlobalSection(ProjectConfigurationPlatforms) = postSolution
		{9E38A094-2A76-46C9-AE3C-BEF412F1D8CA}.Debug|Any CPU.ActiveCfg = Debug|Any CPU
		{9E38A094-2A76-46C9-AE3C-BEF412F1D8CA}.Debug|Any CPU.Build.0 = Debug|Any CPU
		{9E38A094-2A76-46C9-AE3C-BEF412F1D8CA}.Release|Any CPU.ActiveCfg = Release|Any CPU
		{9E38A094-2A76-46C9-AE3C-BEF412F1D8CA}.Release|Any CPU.Build.0 = Release|Any CPU
	EndGlobalSection
	GlobalSection(SolutionProperties) = preSolution
		HideSolutionNode = FALSE
	EndGlobalSection
	GlobalSection(ExtensibilityGlobals) = postSolution
		SolutionGuid = {A99E7FD6-D6ED-473D-98AF-E1A689A93D81}
	EndGlobalSection
EndGlobal
